
Microsoft Visual Studio Solution File, Format Version 12.00
# Visual Studio 15
VisualStudioVersion = 15.0.28307.168
MinimumVisualStudioVersion = 10.0.40219.1
Project("{FAE04EC0-301F-11D3-BF4B-00C04F79EFBC}") = "LoginForm", "LoginForm\LoginForm.csproj", "{04D0CD6A-E50A-4591-93DA-BE511B0856FC}"
EndProject
Global
	GlobalSection(SolutionConfigurationPlatforms) = preSolution
		Debug|Any CPU = Debug|Any CPU
		Release|Any CPU = Release|Any CPU
	EndGlobalSection
	GlobalSection(ProjectConfigurationPlatforms) = postSolution
		{04D0CD6A-E50A-4591-93DA-BE511B0856FC}.Debug|Any CPU.ActiveCfg = Debug|Any CPU
		{04D0CD6A-E50A-4591-93DA-BE511B0856FC}.Debug|Any CPU.Build.0 = Debug|Any CPU
		{04D0CD6A-E50A-4591-93DA-BE511B0856FC}.Release|Any CPU.ActiveCfg = Release|Any CPU
		{04D0CD6A-E50A-4591-93DA-BE511B0856FC}.Release|Any CPU.Build.0 = Release|Any CPU
	EndGlobalSection
	GlobalSection(SolutionProperties) = preSolution
		HideSolutionNode = FALSE
	EndGlobalSection
	GlobalSection(ExtensibilityGlobals) = postSolution
		SolutionGuid = {AC7880B6-1667-49F3-B957-292C0F6828DC}
	EndGlobalSection
EndGlobal
